
Microsoft Visual Studio Solution File, Format Version 12.00
# Visual Studio Version 16
VisualStudioVersion = 16.0.34931.43
MinimumVisualStudioVersion = 10.0.40219.1
Project("{FAE04EC0-301F-11D3-BF4B-00C04F79EFBC}") = "day2", "day2\day2.csproj", "{E7B293FE-589D-49A4-B0E1-0961592B7062}"
EndProject
Global
	GlobalSection(SolutionConfigurationPlatforms) = preSolution
		Debug|Any CPU = Debug|Any CPU
		Release|Any CPU = Release|Any CPU
	EndGlobalSection
	GlobalSection(ProjectConfigurationPlatforms) = postSolution
		{E7B293FE-589D-49A4-B0E1-0961592B7062}.Debug|Any CPU.ActiveCfg = Debug|Any CPU
		{E7B293FE-589D-49A4-B0E1-0961592B7062}.Debug|Any CPU.Build.0 = Debug|Any CPU
		{E7B293FE-589D-49A4-B0E1-0961592B7062}.Release|Any CPU.ActiveCfg = Release|Any CPU
		{E7B293FE-589D-49A4-B0E1-0961592B7062}.Release|Any CPU.Build.0 = Release|Any CPU
	EndGlobalSection
	GlobalSection(SolutionProperties) = preSolution
		HideSolutionNode = FALSE
	EndGlobalSection
	GlobalSection(ExtensibilityGlobals) = postSolution
		SolutionGuid = {DCC429B3-1383-414B-86EF-83878BDA0CCE}
	EndGlobalSection
EndGlobal
