
Microsoft Visual Studio Solution File, Format Version 12.00
# Visual Studio Version 16
VisualStudioVersion = 16.0.34931.43
MinimumVisualStudioVersion = 10.0.40219.1
Project("{FAE04EC0-301F-11D3-BF4B-00C04F79EFBC}") = "cc1", "cc1\cc1.csproj", "{B479103F-89A3-483F-B94F-51FE704B0D2C}"
EndProject
Global
	GlobalSection(SolutionConfigurationPlatforms) = preSolution
		Debug|Any CPU = Debug|Any CPU
		Release|Any CPU = Release|Any CPU
	EndGlobalSection
	GlobalSection(ProjectConfigurationPlatforms) = postSolution
		{B479103F-89A3-483F-B94F-51FE704B0D2C}.Debug|Any CPU.ActiveCfg = Debug|Any CPU
		{B479103F-89A3-483F-B94F-51FE704B0D2C}.Debug|Any CPU.Build.0 = Debug|Any CPU
		{B479103F-89A3-483F-B94F-51FE704B0D2C}.Release|Any CPU.ActiveCfg = Release|Any CPU
		{B479103F-89A3-483F-B94F-51FE704B0D2C}.Release|Any CPU.Build.0 = Release|Any CPU
	EndGlobalSection
	GlobalSection(SolutionProperties) = preSolution
		HideSolutionNode = FALSE
	EndGlobalSection
	GlobalSection(ExtensibilityGlobals) = postSolution
		SolutionGuid = {5C4D2E97-AC4D-46F4-870B-0AB5950FA7D4}
	EndGlobalSection
EndGlobal
