
Microsoft Visual Studio Solution File, Format Version 12.00
# Visual Studio Version 16
VisualStudioVersion = 16.0.34931.43
MinimumVisualStudioVersion = 10.0.40219.1
Project("{FAE04EC0-301F-11D3-BF4B-00C04F79EFBC}") = "day2", "day2.csproj", "{AFDFC21C-58A6-4D9C-99CD-857E920711C9}"
EndProject
Project("{FAE04EC0-301F-11D3-BF4B-00C04F79EFBC}") = "equal", "..\equal\equal.csproj", "{A5B9F9B9-CC56-4859-87DB-F3205E59989D}"
EndProject
Project("{FAE04EC0-301F-11D3-BF4B-00C04F79EFBC}") = "check number", "..\check number\check number.csproj", "{693AB6FF-7EC0-4E9A-A9CB-60A22A3979FE}"
EndProject
Global
	GlobalSection(SolutionConfigurationPlatforms) = preSolution
		Debug|Any CPU = Debug|Any CPU
		Release|Any CPU = Release|Any CPU
	EndGlobalSection
	GlobalSection(ProjectConfigurationPlatforms) = postSolution
		{AFDFC21C-58A6-4D9C-99CD-857E920711C9}.Debug|Any CPU.ActiveCfg = Debug|Any CPU
		{AFDFC21C-58A6-4D9C-99CD-857E920711C9}.Debug|Any CPU.Build.0 = Debug|Any CPU
		{AFDFC21C-58A6-4D9C-99CD-857E920711C9}.Release|Any CPU.ActiveCfg = Release|Any CPU
		{AFDFC21C-58A6-4D9C-99CD-857E920711C9}.Release|Any CPU.Build.0 = Release|Any CPU
		{A5B9F9B9-CC56-4859-87DB-F3205E59989D}.Debug|Any CPU.ActiveCfg = Debug|Any CPU
		{A5B9F9B9-CC56-4859-87DB-F3205E59989D}.Debug|Any CPU.Build.0 = Debug|Any CPU
		{A5B9F9B9-CC56-4859-87DB-F3205E59989D}.Release|Any CPU.ActiveCfg = Release|Any CPU
		{A5B9F9B9-CC56-4859-87DB-F3205E59989D}.Release|Any CPU.Build.0 = Release|Any CPU
		{693AB6FF-7EC0-4E9A-A9CB-60A22A3979FE}.Debug|Any CPU.ActiveCfg = Debug|Any CPU
		{693AB6FF-7EC0-4E9A-A9CB-60A22A3979FE}.Debug|Any CPU.Build.0 = Debug|Any CPU
		{693AB6FF-7EC0-4E9A-A9CB-60A22A3979FE}.Release|Any CPU.ActiveCfg = Release|Any CPU
		{693AB6FF-7EC0-4E9A-A9CB-60A22A3979FE}.Release|Any CPU.Build.0 = Release|Any CPU
	EndGlobalSection
	GlobalSection(SolutionProperties) = preSolution
		HideSolutionNode = FALSE
	EndGlobalSection
	GlobalSection(ExtensibilityGlobals) = postSolution
		SolutionGuid = {B5FDA00C-DD95-4DE8-8114-4CB12DE8798C}
	EndGlobalSection
EndGlobal
