
Microsoft Visual Studio Solution File, Format Version 12.00
# Visual Studio Version 16
VisualStudioVersion = 16.0.34931.43
MinimumVisualStudioVersion = 10.0.40219.1
Project("{FAE04EC0-301F-11D3-BF4B-00C04F79EFBC}") = "CC2", "CC2\CC2.csproj", "{458D87C8-E3BC-4820-B801-C93337D91AAA}"
EndProject
Global
	GlobalSection(SolutionConfigurationPlatforms) = preSolution
		Debug|Any CPU = Debug|Any CPU
		Release|Any CPU = Release|Any CPU
	EndGlobalSection
	GlobalSection(ProjectConfigurationPlatforms) = postSolution
		{458D87C8-E3BC-4820-B801-C93337D91AAA}.Debug|Any CPU.ActiveCfg = Debug|Any CPU
		{458D87C8-E3BC-4820-B801-C93337D91AAA}.Debug|Any CPU.Build.0 = Debug|Any CPU
		{458D87C8-E3BC-4820-B801-C93337D91AAA}.Release|Any CPU.ActiveCfg = Release|Any CPU
		{458D87C8-E3BC-4820-B801-C93337D91AAA}.Release|Any CPU.Build.0 = Release|Any CPU
	EndGlobalSection
	GlobalSection(SolutionProperties) = preSolution
		HideSolutionNode = FALSE
	EndGlobalSection
	GlobalSection(ExtensibilityGlobals) = postSolution
		SolutionGuid = {D96A4BC9-3530-430B-BBB8-7EB5734E842F}
	EndGlobalSection
EndGlobal
