
Microsoft Visual Studio Solution File, Format Version 12.00
# Visual Studio Version 16
VisualStudioVersion = 16.0.34931.43
MinimumVisualStudioVersion = 10.0.40219.1
Project("{FAE04EC0-301F-11D3-BF4B-00C04F79EFBC}") = "Assignment6", "Assignment6\Assignment6.csproj", "{073691EF-E5AB-4EAC-97FC-7C8058EABC29}"
EndProject
Project("{FAE04EC0-301F-11D3-BF4B-00C04F79EFBC}") = "Concession", "Concession\Concession.csproj", "{6212480A-E121-4CC8-972D-D8796CD63EC5}"
EndProject
Global
	GlobalSection(SolutionConfigurationPlatforms) = preSolution
		Debug|Any CPU = Debug|Any CPU
		Release|Any CPU = Release|Any CPU
	EndGlobalSection
	GlobalSection(ProjectConfigurationPlatforms) = postSolution
		{073691EF-E5AB-4EAC-97FC-7C8058EABC29}.Debug|Any CPU.ActiveCfg = Debug|Any CPU
		{073691EF-E5AB-4EAC-97FC-7C8058EABC29}.Debug|Any CPU.Build.0 = Debug|Any CPU
		{073691EF-E5AB-4EAC-97FC-7C8058EABC29}.Release|Any CPU.ActiveCfg = Release|Any CPU
		{073691EF-E5AB-4EAC-97FC-7C8058EABC29}.Release|Any CPU.Build.0 = Release|Any CPU
		{6212480A-E121-4CC8-972D-D8796CD63EC5}.Debug|Any CPU.ActiveCfg = Debug|Any CPU
		{6212480A-E121-4CC8-972D-D8796CD63EC5}.Debug|Any CPU.Build.0 = Debug|Any CPU
		{6212480A-E121-4CC8-972D-D8796CD63EC5}.Release|Any CPU.ActiveCfg = Release|Any CPU
		{6212480A-E121-4CC8-972D-D8796CD63EC5}.Release|Any CPU.Build.0 = Release|Any CPU
	EndGlobalSection
	GlobalSection(SolutionProperties) = preSolution
		HideSolutionNode = FALSE
	EndGlobalSection
	GlobalSection(ExtensibilityGlobals) = postSolution
		SolutionGuid = {6A092643-8D9C-4645-9CFD-6CADF3CC861B}
	EndGlobalSection
EndGlobal
